
Microsoft Visual Studio Solution File, Format Version 12.00
# Visual Studio 2012
Project("{FAE04EC0-301F-11D3-BF4B-00C04F79EFBC}") = "TekConf.UI.iPhone", "UI\TekConf.UI.iPhone\TekConf.UI.iPhone.csproj", "{B0B8941A-8FCE-4253-9A89-E070B7C78E5D}"
EndProject
Project("{FAE04EC0-301F-11D3-BF4B-00C04F79EFBC}") = "TekConf.Core", "Core\TekConf.Core\TekConf.Core.csproj", "{E740F915-A0FC-4C66-9FD3-1D9A0DDA527A}"
EndProject
Project("{FAE04EC0-301F-11D3-BF4B-00C04F79EFBC}") = "TekConf.Core.iOS", "Core\TekConf.Core.iOS\TekConf.Core.iOS.csproj", "{EB90CBF8-F70D-4CB9-92D4-5A45415B4BFA}"
EndProject
Global
	GlobalSection(SolutionConfigurationPlatforms) = preSolution
		Ad-Hoc|Any CPU = Ad-Hoc|Any CPU
		Ad-Hoc|iPhone = Ad-Hoc|iPhone
		Ad-Hoc|iPhoneSimulator = Ad-Hoc|iPhoneSimulator
		Ad-Hoc|Mixed Platforms = Ad-Hoc|Mixed Platforms
		AppStore|Any CPU = AppStore|Any CPU
		AppStore|iPhone = AppStore|iPhone
		AppStore|iPhoneSimulator = AppStore|iPhoneSimulator
		AppStore|Mixed Platforms = AppStore|Mixed Platforms
		Debug|Any CPU = Debug|Any CPU
		Debug|iPhone = Debug|iPhone
		Debug|iPhoneSimulator = Debug|iPhoneSimulator
		Debug|Mixed Platforms = Debug|Mixed Platforms
		Release|Any CPU = Release|Any CPU
		Release|iPhone = Release|iPhone
		Release|iPhoneSimulator = Release|iPhoneSimulator
		Release|Mixed Platforms = Release|Mixed Platforms
	EndGlobalSection
	GlobalSection(ProjectConfigurationPlatforms) = postSolution
		{B0B8941A-8FCE-4253-9A89-E070B7C78E5D}.Ad-Hoc|Any CPU.ActiveCfg = Ad-Hoc|iPhoneSimulator
		{B0B8941A-8FCE-4253-9A89-E070B7C78E5D}.Ad-Hoc|iPhone.ActiveCfg = Ad-Hoc|iPhone
		{B0B8941A-8FCE-4253-9A89-E070B7C78E5D}.Ad-Hoc|iPhone.Build.0 = Ad-Hoc|iPhone
		{B0B8941A-8FCE-4253-9A89-E070B7C78E5D}.Ad-Hoc|iPhoneSimulator.ActiveCfg = Ad-Hoc|iPhone
		{B0B8941A-8FCE-4253-9A89-E070B7C78E5D}.Ad-Hoc|Mixed Platforms.ActiveCfg = Ad-Hoc|iPhoneSimulator
		{B0B8941A-8FCE-4253-9A89-E070B7C78E5D}.Ad-Hoc|Mixed Platforms.Build.0 = Ad-Hoc|iPhoneSimulator
		{B0B8941A-8FCE-4253-9A89-E070B7C78E5D}.Ad-Hoc|Mixed Platforms.Deploy.0 = Ad-Hoc|iPhoneSimulator
		{B0B8941A-8FCE-4253-9A89-E070B7C78E5D}.AppStore|Any CPU.ActiveCfg = AppStore|iPhoneSimulator
		{B0B8941A-8FCE-4253-9A89-E070B7C78E5D}.AppStore|iPhone.ActiveCfg = AppStore|iPhone
		{B0B8941A-8FCE-4253-9A89-E070B7C78E5D}.AppStore|iPhone.Build.0 = AppStore|iPhone
		{B0B8941A-8FCE-4253-9A89-E070B7C78E5D}.AppStore|iPhoneSimulator.ActiveCfg = Debug|iPhoneSimulator
		{B0B8941A-8FCE-4253-9A89-E070B7C78E5D}.AppStore|iPhoneSimulator.Build.0 = Debug|iPhoneSimulator
		{B0B8941A-8FCE-4253-9A89-E070B7C78E5D}.AppStore|Mixed Platforms.ActiveCfg = AppStore|iPhoneSimulator
		{B0B8941A-8FCE-4253-9A89-E070B7C78E5D}.AppStore|Mixed Platforms.Build.0 = AppStore|iPhoneSimulator
		{B0B8941A-8FCE-4253-9A89-E070B7C78E5D}.AppStore|Mixed Platforms.Deploy.0 = AppStore|iPhoneSimulator
		{B0B8941A-8FCE-4253-9A89-E070B7C78E5D}.Debug|Any CPU.ActiveCfg = Debug|iPhone
		{B0B8941A-8FCE-4253-9A89-E070B7C78E5D}.Debug|iPhone.ActiveCfg = Debug|iPhone
		{B0B8941A-8FCE-4253-9A89-E070B7C78E5D}.Debug|iPhone.Build.0 = Debug|iPhone
		{B0B8941A-8FCE-4253-9A89-E070B7C78E5D}.Debug|iPhoneSimulator.ActiveCfg = Debug|iPhoneSimulator
		{B0B8941A-8FCE-4253-9A89-E070B7C78E5D}.Debug|iPhoneSimulator.Build.0 = Debug|iPhoneSimulator
		{B0B8941A-8FCE-4253-9A89-E070B7C78E5D}.Debug|Mixed Platforms.ActiveCfg = Debug|iPhone
		{B0B8941A-8FCE-4253-9A89-E070B7C78E5D}.Debug|Mixed Platforms.Build.0 = Debug|iPhone
		{B0B8941A-8FCE-4253-9A89-E070B7C78E5D}.Debug|Mixed Platforms.Deploy.0 = Debug|iPhone
		{B0B8941A-8FCE-4253-9A89-E070B7C78E5D}.Release|Any CPU.ActiveCfg = Release|iPhoneSimulator
		{B0B8941A-8FCE-4253-9A89-E070B7C78E5D}.Release|iPhone.ActiveCfg = Release|iPhone
		{B0B8941A-8FCE-4253-9A89-E070B7C78E5D}.Release|iPhone.Build.0 = Release|iPhone
		{B0B8941A-8FCE-4253-9A89-E070B7C78E5D}.Release|iPhoneSimulator.ActiveCfg = Release|iPhoneSimulator
		{B0B8941A-8FCE-4253-9A89-E070B7C78E5D}.Release|iPhoneSimulator.Build.0 = Release|iPhoneSimulator
		{B0B8941A-8FCE-4253-9A89-E070B7C78E5D}.Release|Mixed Platforms.ActiveCfg = Release|iPhoneSimulator
		{B0B8941A-8FCE-4253-9A89-E070B7C78E5D}.Release|Mixed Platforms.Build.0 = Release|iPhoneSimulator
		{B0B8941A-8FCE-4253-9A89-E070B7C78E5D}.Release|Mixed Platforms.Deploy.0 = Release|iPhoneSimulator
		{E740F915-A0FC-4C66-9FD3-1D9A0DDA527A}.Ad-Hoc|Any CPU.ActiveCfg = Release|Any CPU
		{E740F915-A0FC-4C66-9FD3-1D9A0DDA527A}.Ad-Hoc|Any CPU.Build.0 = Release|Any CPU
		{E740F915-A0FC-4C66-9FD3-1D9A0DDA527A}.Ad-Hoc|iPhone.ActiveCfg = Release|Any CPU
		{E740F915-A0FC-4C66-9FD3-1D9A0DDA527A}.Ad-Hoc|iPhoneSimulator.ActiveCfg = Release|Any CPU
		{E740F915-A0FC-4C66-9FD3-1D9A0DDA527A}.Ad-Hoc|Mixed Platforms.ActiveCfg = Release|Any CPU
		{E740F915-A0FC-4C66-9FD3-1D9A0DDA527A}.Ad-Hoc|Mixed Platforms.Build.0 = Release|Any CPU
		{E740F915-A0FC-4C66-9FD3-1D9A0DDA527A}.AppStore|Any CPU.ActiveCfg = Release|Any CPU
		{E740F915-A0FC-4C66-9FD3-1D9A0DDA527A}.AppStore|Any CPU.Build.0 = Release|Any CPU
		{E740F915-A0FC-4C66-9FD3-1D9A0DDA527A}.AppStore|iPhone.ActiveCfg = Release|Any CPU
		{E740F915-A0FC-4C66-9FD3-1D9A0DDA527A}.AppStore|iPhoneSimulator.ActiveCfg = Release|Any CPU
		{E740F915-A0FC-4C66-9FD3-1D9A0DDA527A}.AppStore|Mixed Platforms.ActiveCfg = Release|Any CPU
		{E740F915-A0FC-4C66-9FD3-1D9A0DDA527A}.AppStore|Mixed Platforms.Build.0 = Release|Any CPU
		{E740F915-A0FC-4C66-9FD3-1D9A0DDA527A}.Debug|Any CPU.ActiveCfg = Debug|Any CPU
		{E740F915-A0FC-4C66-9FD3-1D9A0DDA527A}.Debug|Any CPU.Build.0 = Debug|Any CPU
		{E740F915-A0FC-4C66-9FD3-1D9A0DDA527A}.Debug|iPhone.ActiveCfg = Debug|Any CPU
		{E740F915-A0FC-4C66-9FD3-1D9A0DDA527A}.Debug|iPhoneSimulator.ActiveCfg = Debug|Any CPU
		{E740F915-A0FC-4C66-9FD3-1D9A0DDA527A}.Debug|Mixed Platforms.ActiveCfg = Debug|Any CPU
		{E740F915-A0FC-4C66-9FD3-1D9A0DDA527A}.Debug|Mixed Platforms.Build.0 = Debug|Any CPU
		{E740F915-A0FC-4C66-9FD3-1D9A0DDA527A}.Release|Any CPU.ActiveCfg = Release|Any CPU
		{E740F915-A0FC-4C66-9FD3-1D9A0DDA527A}.Release|Any CPU.Build.0 = Release|Any CPU
		{E740F915-A0FC-4C66-9FD3-1D9A0DDA527A}.Release|iPhone.ActiveCfg = Release|Any CPU
		{E740F915-A0FC-4C66-9FD3-1D9A0DDA527A}.Release|iPhoneSimulator.ActiveCfg = Release|Any CPU
		{E740F915-A0FC-4C66-9FD3-1D9A0DDA527A}.Release|Mixed Platforms.ActiveCfg = Release|Any CPU
		{E740F915-A0FC-4C66-9FD3-1D9A0DDA527A}.Release|Mixed Platforms.Build.0 = Release|Any CPU
		{EB90CBF8-F70D-4CB9-92D4-5A45415B4BFA}.Ad-Hoc|Any CPU.ActiveCfg = Release|Any CPU
		{EB90CBF8-F70D-4CB9-92D4-5A45415B4BFA}.Ad-Hoc|Any CPU.Build.0 = Release|Any CPU
		{EB90CBF8-F70D-4CB9-92D4-5A45415B4BFA}.Ad-Hoc|iPhone.ActiveCfg = Release|Any CPU
		{EB90CBF8-F70D-4CB9-92D4-5A45415B4BFA}.Ad-Hoc|iPhoneSimulator.ActiveCfg = Release|Any CPU
		{EB90CBF8-F70D-4CB9-92D4-5A45415B4BFA}.Ad-Hoc|Mixed Platforms.ActiveCfg = Release|Any CPU
		{EB90CBF8-F70D-4CB9-92D4-5A45415B4BFA}.Ad-Hoc|Mixed Platforms.Build.0 = Release|Any CPU
		{EB90CBF8-F70D-4CB9-92D4-5A45415B4BFA}.AppStore|Any CPU.ActiveCfg = Release|Any CPU
		{EB90CBF8-F70D-4CB9-92D4-5A45415B4BFA}.AppStore|Any CPU.Build.0 = Release|Any CPU
		{EB90CBF8-F70D-4CB9-92D4-5A45415B4BFA}.AppStore|iPhone.ActiveCfg = Release|Any CPU
		{EB90CBF8-F70D-4CB9-92D4-5A45415B4BFA}.AppStore|iPhoneSimulator.ActiveCfg = Release|Any CPU
		{EB90CBF8-F70D-4CB9-92D4-5A45415B4BFA}.AppStore|Mixed Platforms.ActiveCfg = Release|Any CPU
		{EB90CBF8-F70D-4CB9-92D4-5A45415B4BFA}.AppStore|Mixed Platforms.Build.0 = Release|Any CPU
		{EB90CBF8-F70D-4CB9-92D4-5A45415B4BFA}.Debug|Any CPU.ActiveCfg = Debug|Any CPU
		{EB90CBF8-F70D-4CB9-92D4-5A45415B4BFA}.Debug|Any CPU.Build.0 = Debug|Any CPU
		{EB90CBF8-F70D-4CB9-92D4-5A45415B4BFA}.Debug|iPhone.ActiveCfg = Debug|Any CPU
		{EB90CBF8-F70D-4CB9-92D4-5A45415B4BFA}.Debug|iPhoneSimulator.ActiveCfg = Debug|Any CPU
		{EB90CBF8-F70D-4CB9-92D4-5A45415B4BFA}.Debug|Mixed Platforms.ActiveCfg = Debug|Any CPU
		{EB90CBF8-F70D-4CB9-92D4-5A45415B4BFA}.Debug|Mixed Platforms.Build.0 = Debug|Any CPU
		{EB90CBF8-F70D-4CB9-92D4-5A45415B4BFA}.Release|Any CPU.ActiveCfg = Release|Any CPU
		{EB90CBF8-F70D-4CB9-92D4-5A45415B4BFA}.Release|Any CPU.Build.0 = Release|Any CPU
		{EB90CBF8-F70D-4CB9-92D4-5A45415B4BFA}.Release|iPhone.ActiveCfg = Release|Any CPU
		{EB90CBF8-F70D-4CB9-92D4-5A45415B4BFA}.Release|iPhoneSimulator.ActiveCfg = Release|Any CPU
		{EB90CBF8-F70D-4CB9-92D4-5A45415B4BFA}.Release|Mixed Platforms.ActiveCfg = Release|Any CPU
		{EB90CBF8-F70D-4CB9-92D4-5A45415B4BFA}.Release|Mixed Platforms.Build.0 = Release|Any CPU
	EndGlobalSection
	GlobalSection(SolutionProperties) = preSolution
		HideSolutionNode = FALSE
	EndGlobalSection
	GlobalSection(MonoDevelopProperties) = preSolution
		StartupItem = UI\TekConf.UI.iPhone\TekConf.UI.iPhone.csproj
	EndGlobalSection
EndGlobal
